#MicroXplorer Configuration settings - do not modify
Dma.Request0=TIM16_CH1/UP
Dma.Request1=TIM17_CH1/UP
Dma.RequestsNb=2
Dma.TIM16_CH1/UP.0.Direction=DMA_PERIPH_TO_MEMORY
Dma.TIM16_CH1/UP.0.Instance=DMA1_Channel3
Dma.TIM16_CH1/UP.0.MemDataAlignment=DMA_MDATAALIGN_HALFWORD
Dma.TIM16_CH1/UP.0.MemInc=DMA_MINC_ENABLE
Dma.TIM16_CH1/UP.0.Mode=DMA_NORMAL
Dma.TIM16_CH1/UP.0.PeriphDataAlignment=DMA_PDATAALIGN_HALFWORD
Dma.TIM16_CH1/UP.0.PeriphInc=DMA_PINC_DISABLE
Dma.TIM16_CH1/UP.0.Priority=DMA_PRIORITY_LOW
Dma.TIM16_CH1/UP.0.RequestParameters=Instance,Direction,PeriphInc,MemInc,PeriphDataAlignment,MemDataAlignment,Mode,Priority
Dma.TIM17_CH1/UP.1.Direction=DMA_PERIPH_TO_MEMORY
Dma.TIM17_CH1/UP.1.Instance=DMA1_Channel1
Dma.TIM17_CH1/UP.1.MemDataAlignment=DMA_MDATAALIGN_HALFWORD
Dma.TIM17_CH1/UP.1.MemInc=DMA_MINC_ENABLE
Dma.TIM17_CH1/UP.1.Mode=DMA_NORMAL
Dma.TIM17_CH1/UP.1.PeriphDataAlignment=DMA_PDATAALIGN_HALFWORD
Dma.TIM17_CH1/UP.1.PeriphInc=DMA_PINC_DISABLE
Dma.TIM17_CH1/UP.1.Priority=DMA_PRIORITY_LOW
Dma.TIM17_CH1/UP.1.RequestParameters=Instance,Direction,PeriphInc,MemInc,PeriphDataAlignment,MemDataAlignment,Mode,Priority
File.Version=6
GPIO.groupedBy=
KeepUserPlacement=false
Mcu.CPN=STM32F030F4P6
Mcu.Family=STM32F0
Mcu.IP0=ADC
Mcu.IP1=DMA
Mcu.IP10=USART1
Mcu.IP2=I2C1
Mcu.IP3=NVIC
Mcu.IP4=RCC
Mcu.IP5=SYS
Mcu.IP6=TIM3
Mcu.IP7=TIM14
Mcu.IP8=TIM16
Mcu.IP9=TIM17
Mcu.IPNb=11
Mcu.Name=STM32F030F4Px
Mcu.Package=TSSOP20
Mcu.Pin0=PF0-OSC_IN
Mcu.Pin1=PF1-OSC_OUT
Mcu.Pin10=PA9
Mcu.Pin11=PA10
Mcu.Pin12=PA13
Mcu.Pin13=PA14
Mcu.Pin14=VP_SYS_VS_Systick
Mcu.Pin15=VP_TIM3_VS_ClockSourceINT
Mcu.Pin16=VP_TIM14_VS_ClockSourceINT
Mcu.Pin17=VP_TIM16_VS_ClockSourceINT
Mcu.Pin18=VP_TIM17_VS_ClockSourceINT
Mcu.Pin2=PA0
Mcu.Pin3=PA1
Mcu.Pin4=PA2
Mcu.Pin5=PA3
Mcu.Pin6=PA4
Mcu.Pin7=PA6
Mcu.Pin8=PA7
Mcu.Pin9=PB1
Mcu.PinsNb=19
Mcu.ThirdPartyNb=0
Mcu.UserConstants=
Mcu.UserName=STM32F030F4Px
MxCube.Version=6.6.1
MxDb.Version=DB.6.0.60
NVIC.DMA1_Channel1_IRQn=true\:0\:0\:false\:false\:true\:false\:true\:true
NVIC.DMA1_Channel2_3_IRQn=true\:0\:0\:false\:false\:true\:false\:true\:true
NVIC.ForceEnableDMAVector=true
NVIC.HardFault_IRQn=true\:0\:0\:false\:false\:true\:false\:false\:false
NVIC.NonMaskableInt_IRQn=true\:0\:0\:false\:false\:true\:false\:false\:false
NVIC.PendSV_IRQn=true\:0\:0\:false\:false\:true\:false\:false\:false
NVIC.SVC_IRQn=true\:0\:0\:false\:false\:true\:false\:false\:true
NVIC.SysTick_IRQn=true\:3\:0\:false\:false\:true\:false\:true\:false
NVIC.TIM14_IRQn=true\:0\:0\:false\:false\:true\:true\:true\:true
PA0.GPIOParameters=GPIO_Label
PA0.GPIO_Label=ADC_IN0_UIN
PA0.Mode=IN0
PA0.Signal=ADC_IN0
PA1.GPIOParameters=GPIO_Label
PA1.GPIO_Label=ADC_IN1
PA1.Mode=IN1
PA1.Signal=ADC_IN1
PA10.GPIOParameters=GPIO_Label
PA10.GPIO_Label=I2C1_SDA_SHT30
PA10.Mode=I2C
PA10.Signal=I2C1_SDA
PA13.Mode=Serial_Wire
PA13.Signal=SYS_SWDIO
PA14.Mode=Serial_Wire
PA14.Signal=SYS_SWCLK
PA2.GPIOParameters=GPIO_Label
PA2.GPIO_Label=USART1_TX_TO_NEXTION_RX
PA2.Mode=Asynchronous
PA2.Signal=USART1_TX
PA3.GPIOParameters=GPIO_Label
PA3.GPIO_Label=USART1_RX_FROM_NEXTION_TX
PA3.Mode=Asynchronous
PA3.Signal=USART1_RX
PA4.GPIOParameters=GPIO_Label
PA4.GPIO_Label=NEXTION_PWR_EN
PA4.Locked=true
PA4.Signal=GPIO_Output
PA6.GPIOParameters=GPIO_Label
PA6.GPIO_Label=TIM16_CH1_DATA_OUT
PA6.Locked=true
PA6.Signal=S_TIM16_CH1
PA7.GPIOParameters=GPIO_Label
PA7.GPIO_Label=TIM17_CH1_FAN_PWM_OUT
PA7.Locked=true
PA7.Signal=S_TIM17_CH1
PA9.GPIOParameters=GPIO_Label
PA9.GPIO_Label=I2C1_SCL_SHT30
PA9.Mode=I2C
PA9.Signal=I2C1_SCL
PB1.GPIOParameters=GPIO_Label
PB1.GPIO_Label=TIM14_CH1_FAN_RPM_IN
PB1.Locked=true
PB1.Signal=S_TIM14_CH1
PCC.Checker=false
PCC.Line=STM32F0x0 Value Line
PCC.MCU=STM32F030F4Px
PCC.PartNumber=STM32F030F4Px
PCC.Seq0=2
PCC.Seq0.Step0.Average_Current=4.4 mA
PCC.Seq0.Step0.CPU_Frequency=8 MHz
PCC.Seq0.Step0.Category=In DS Table
PCC.Seq0.Step0.DMIPS=0.0
PCC.Seq0.Step0.Duration=1 s
PCC.Seq0.Step0.Frequency=8 MHz
PCC.Seq0.Step0.Memory=FLASH
PCC.Seq0.Step0.Mode=RUN
PCC.Seq0.Step0.Oscillator=HSEBYP All IPs ON
PCC.Seq0.Step0.Peripherals=
PCC.Seq0.Step0.TaMax=103.8
PCC.Seq0.Step0.User's_Consumption=0 mA
PCC.Seq0.Step0.Vcore=No Scale
PCC.Seq0.Step0.Vdd=3.6
PCC.Seq0.Step0.Voltage_Source=Vbus
PCC.Seq0.Step1.Average_Current=7.9 \u00B5A
PCC.Seq0.Step1.CPU_Frequency=0 Hz
PCC.Seq0.Step1.Category=In DS Table
PCC.Seq0.Step1.DMIPS=0.0
PCC.Seq0.Step1.Duration=0.9 ms
PCC.Seq0.Step1.Frequency=0 Hz
PCC.Seq0.Step1.Memory=n/a
PCC.Seq0.Step1.Mode=STOP
PCC.Seq0.Step1.Oscillator=Regulator_LP
PCC.Seq0.Step1.Peripherals=
PCC.Seq0.Step1.TaMax=105
PCC.Seq0.Step1.User's_Consumption=0 mA
PCC.Seq0.Step1.Vcore=No Scale
PCC.Seq0.Step1.Vdd=3.6
PCC.Seq0.Step1.Voltage_Source=Battery
PCC.Series=STM32F0
PCC.Temperature=25
PCC.Vdd=3.6
PF0-OSC_IN.GPIOParameters=GPIO_Label
PF0-OSC_IN.GPIO_Label=HumidSensFail
PF0-OSC_IN.Locked=true
PF0-OSC_IN.Signal=GPIO_Output
PF1-OSC_OUT.GPIOParameters=GPIO_Label
PF1-OSC_OUT.GPIO_Label=FanRotationFail
PF1-OSC_OUT.Locked=true
PF1-OSC_OUT.Signal=GPIO_Output
PinOutPanel.RotationAngle=0
ProjectManager.AskForMigrate=true
ProjectManager.BackupPrevious=false
ProjectManager.CompilerOptimize=6
ProjectManager.ComputerToolchain=false
ProjectManager.CoupleFile=false
ProjectManager.CustomerFirmwarePackage=
ProjectManager.DefaultFWLocation=true
ProjectManager.DeletePrevious=true
ProjectManager.DeviceId=STM32F030F4Px
ProjectManager.FirmwarePackage=STM32Cube FW_F0 V1.11.3
ProjectManager.FreePins=false
ProjectManager.HalAssertFull=false
ProjectManager.HeapSize=0x200
ProjectManager.KeepUserCode=true
ProjectManager.LastFirmware=true
ProjectManager.LibraryCopy=0
ProjectManager.MainLocation=Core/Src
ProjectManager.NoMain=false
ProjectManager.PreviousToolchain=
ProjectManager.ProjectBuild=false
ProjectManager.ProjectFileName=FanHumidityController.ioc
ProjectManager.ProjectName=FanHumidityController
ProjectManager.RegisterCallBack=
ProjectManager.StackSize=0x400
ProjectManager.TargetToolchain=MDK-ARM V5.32
ProjectManager.ToolChainLocation=
ProjectManager.UnderRoot=false
ProjectManager.functionlistsort=1-SystemClock_Config-RCC-false-HAL-false,2-MX_GPIO_Init-GPIO-false-HAL-true,3-MX_DMA_Init-DMA-false-HAL-true,4-MX_ADC_Init-ADC-false-HAL-true,5-MX_I2C1_Init-I2C1-false-HAL-true,6-MX_TIM3_Init-TIM3-false-HAL-true,7-MX_USART1_UART_Init-USART1-false-HAL-true,8-MX_TIM14_Init-TIM14-false-HAL-true,9-MX_TIM16_Init-TIM16-false-HAL-true,10-MX_TIM17_Init-TIM17-false-HAL-true
RCC.FamilyName=M
RCC.IPParameters=FamilyName,PLLCLKFreq_Value,TimSysFreq_Value
RCC.PLLCLKFreq_Value=8000000
RCC.TimSysFreq_Value=8000000
SH.S_TIM14_CH1.0=TIM14_CH1,Input_Capture1_from_TI1
SH.S_TIM14_CH1.ConfNb=1
SH.S_TIM16_CH1.0=TIM16_CH1,PWM Generation1 CH1
SH.S_TIM16_CH1.ConfNb=1
SH.S_TIM17_CH1.0=TIM17_CH1,PWM Generation1 CH1
SH.S_TIM17_CH1.ConfNb=1
TIM14.AutoReloadPreload=TIM_AUTORELOAD_PRELOAD_ENABLE
TIM14.Channel=TIM_CHANNEL_1
TIM14.ICPolarity_CH1=TIM_INPUTCHANNELPOLARITY_FALLING
TIM14.IPParameters=Channel,AutoReloadPreload,ICPolarity_CH1
TIM16.Channel=TIM_CHANNEL_1
TIM16.IPParameters=Channel
TIM17.Channel=TIM_CHANNEL_1
TIM17.IPParameters=Channel
USART1.IPParameters=VirtualMode-Asynchronous
USART1.VirtualMode-Asynchronous=VM_ASYNC
VP_SYS_VS_Systick.Mode=SysTick
VP_SYS_VS_Systick.Signal=SYS_VS_Systick
VP_TIM14_VS_ClockSourceINT.Mode=Enable_Timer
VP_TIM14_VS_ClockSourceINT.Signal=TIM14_VS_ClockSourceINT
VP_TIM16_VS_ClockSourceINT.Mode=Enable_Timer
VP_TIM16_VS_ClockSourceINT.Signal=TIM16_VS_ClockSourceINT
VP_TIM17_VS_ClockSourceINT.Mode=Enable_Timer
VP_TIM17_VS_ClockSourceINT.Signal=TIM17_VS_ClockSourceINT
VP_TIM3_VS_ClockSourceINT.Mode=Internal
VP_TIM3_VS_ClockSourceINT.Signal=TIM3_VS_ClockSourceINT
board=custom
